
Microsoft Visual Studio Solution File, Format Version 12.00
# Visual Studio Version 17
VisualStudioVersion = 17.7.34018.315
MinimumVisualStudioVersion = 10.0.40219.1
Project("{FAE04EC0-301F-11D3-BF4B-00C04F79EFBC}") = "Inlämnings Uppgift 5.1C-A", "Inlämnings Uppgift 5.1C-A\Inlämnings Uppgift 5.1C-A.csproj", "{7EFF4B93-CAD1-4E97-B0BF-4EAAC68CDDBE}"
EndProject
Global
	GlobalSection(SolutionConfigurationPlatforms) = preSolution
		Debug|Any CPU = Debug|Any CPU
		Release|Any CPU = Release|Any CPU
	EndGlobalSection
	GlobalSection(ProjectConfigurationPlatforms) = postSolution
		{7EFF4B93-CAD1-4E97-B0BF-4EAAC68CDDBE}.Debug|Any CPU.ActiveCfg = Debug|Any CPU
		{7EFF4B93-CAD1-4E97-B0BF-4EAAC68CDDBE}.Debug|Any CPU.Build.0 = Debug|Any CPU
		{7EFF4B93-CAD1-4E97-B0BF-4EAAC68CDDBE}.Release|Any CPU.ActiveCfg = Release|Any CPU
		{7EFF4B93-CAD1-4E97-B0BF-4EAAC68CDDBE}.Release|Any CPU.Build.0 = Release|Any CPU
	EndGlobalSection
	GlobalSection(SolutionProperties) = preSolution
		HideSolutionNode = FALSE
	EndGlobalSection
	GlobalSection(ExtensibilityGlobals) = postSolution
		SolutionGuid = {4008AEAA-1A57-4D69-B713-C7A7411FCF5C}
	EndGlobalSection
EndGlobal
